// !$*UTF8*$!
{
	archiveVersion = 1;
	classes = {
	};
	objectVersion = 46;
	objects = {

/* Begin PBXBuildFile section */
		D31935821D496D11001EEB11 /* SubtotalViewCell.xib in Resources */ = {isa = PBXBuildFile; fileRef = D31935811D496D11001EEB11 /* SubtotalViewCell.xib */; };
		D31935851D4970ED001EEB11 /* SubtotalViewCell.m in Sources */ = {isa = PBXBuildFile; fileRef = D31935841D4970ED001EEB11 /* SubtotalViewCell.m */; };
		D31935871D497ABF001EEB11 /* TotalViewCell.xib in Resources */ = {isa = PBXBuildFile; fileRef = D31935861D497ABF001EEB11 /* TotalViewCell.xib */; };
		D319358A1D497B6E001EEB11 /* TotalViewCell.m in Sources */ = {isa = PBXBuildFile; fileRef = D31935891D497B6E001EEB11 /* TotalViewCell.m */; };
		D330DF241D4017AC001BC723 /* main.m in Sources */ = {isa = PBXBuildFile; fileRef = D330DF231D4017AC001BC723 /* main.m */; };
		D330DF271D4017AC001BC723 /* AppDelegate.m in Sources */ = {isa = PBXBuildFile; fileRef = D330DF261D4017AC001BC723 /* AppDelegate.m */; };
		D330DF2F1D4017AC001BC723 /* Assets.xcassets in Resources */ = {isa = PBXBuildFile; fileRef = D330DF2E1D4017AC001BC723 /* Assets.xcassets */; };
		D330DF4F1D4018A2001BC723 /* NSObject+GNUStepsAddons.m in Sources */ = {isa = PBXBuildFile; fileRef = D330DF471D4018A2001BC723 /* NSObject+GNUStepsAddons.m */; };
		D330DF501D4018A2001BC723 /* Money.m in Sources */ = {isa = PBXBuildFile; fileRef = D330DF491D4018A2001BC723 /* Money.m */; };
		D330DF581D4018E8001BC723 /* MoneyTests.m in Sources */ = {isa = PBXBuildFile; fileRef = D330DF551D4018E8001BC723 /* MoneyTests.m */; };
		D336A9DB1D48C17F0060B5AB /* NSNotificationCenterTests.m in Sources */ = {isa = PBXBuildFile; fileRef = D336A9DA1D48C17F0060B5AB /* NSNotificationCenterTests.m */; };
		D336A9DE1D48C5020060B5AB /* FakeNSNotificationCenter.m in Sources */ = {isa = PBXBuildFile; fileRef = D336A9DD1D48C5020060B5AB /* FakeNSNotificationCenter.m */; };
		D3393CAB1D48111C0049DA6D /* SimpleViewController.m in Sources */ = {isa = PBXBuildFile; fileRef = D3393CA91D48111C0049DA6D /* SimpleViewController.m */; };
		D3393CAC1D48111C0049DA6D /* SimpleViewController.m in Sources */ = {isa = PBXBuildFile; fileRef = D3393CA91D48111C0049DA6D /* SimpleViewController.m */; };
		D3393CAD1D48111C0049DA6D /* SimpleViewController.xib in Resources */ = {isa = PBXBuildFile; fileRef = D3393CAA1D48111C0049DA6D /* SimpleViewController.xib */; };
		D3393CAE1D48111C0049DA6D /* SimpleViewController.xib in Resources */ = {isa = PBXBuildFile; fileRef = D3393CAA1D48111C0049DA6D /* SimpleViewController.xib */; };
		D3393CB11D48117C0049DA6D /* ControllerTests.m in Sources */ = {isa = PBXBuildFile; fileRef = D3393CB01D48117C0049DA6D /* ControllerTests.m */; };
		D3393CB41D481C630049DA6D /* WalletTableViewController.m in Sources */ = {isa = PBXBuildFile; fileRef = D3393CB31D481C630049DA6D /* WalletTableViewController.m */; };
		D3393CB51D481C630049DA6D /* WalletTableViewController.m in Sources */ = {isa = PBXBuildFile; fileRef = D3393CB31D481C630049DA6D /* WalletTableViewController.m */; };
		D39B568B1D4509B7008329C4 /* Money.m in Sources */ = {isa = PBXBuildFile; fileRef = D330DF491D4018A2001BC723 /* Money.m */; };
		D39B568F1D46B282008329C4 /* BrokerTests.m in Sources */ = {isa = PBXBuildFile; fileRef = D39B568E1D46B282008329C4 /* BrokerTests.m */; };
		D39B56921D46B411008329C4 /* Broker.m in Sources */ = {isa = PBXBuildFile; fileRef = D39B56911D46B411008329C4 /* Broker.m */; };
		D39B56931D46B411008329C4 /* Broker.m in Sources */ = {isa = PBXBuildFile; fileRef = D39B56911D46B411008329C4 /* Broker.m */; };
		D39B56951D46CCFE008329C4 /* WalletTests.m in Sources */ = {isa = PBXBuildFile; fileRef = D39B56941D46CCFE008329C4 /* WalletTests.m */; };
		D39B56981D46D1CF008329C4 /* Wallet.m in Sources */ = {isa = PBXBuildFile; fileRef = D39B56971D46D1CF008329C4 /* Wallet.m */; };
		D39B56991D46D1CF008329C4 /* Wallet.m in Sources */ = {isa = PBXBuildFile; fileRef = D39B56971D46D1CF008329C4 /* Wallet.m */; };
		D3DDD7571D48F37700B02E45 /* NetworkTests.m in Sources */ = {isa = PBXBuildFile; fileRef = D3DDD7561D48F37700B02E45 /* NetworkTests.m */; };
/* End PBXBuildFile section */

/* Begin PBXContainerItemProxy section */
		D330DF391D4017AC001BC723 /* PBXContainerItemProxy */ = {
			isa = PBXContainerItemProxy;
			containerPortal = D330DF171D4017AC001BC723 /* Project object */;
			proxyType = 1;
			remoteGlobalIDString = D330DF1E1D4017AC001BC723;
			remoteInfo = MyWallet;
		};
/* End PBXContainerItemProxy section */

/* Begin PBXFileReference section */
		D31935811D496D11001EEB11 /* SubtotalViewCell.xib */ = {isa = PBXFileReference; fileEncoding = 4; lastKnownFileType = file.xib; path = SubtotalViewCell.xib; sourceTree = "<group>"; };
		D31935831D4970ED001EEB11 /* SubtotalViewCell.h */ = {isa = PBXFileReference; fileEncoding = 4; lastKnownFileType = sourcecode.c.h; path = SubtotalViewCell.h; sourceTree = "<group>"; };
		D31935841D4970ED001EEB11 /* SubtotalViewCell.m */ = {isa = PBXFileReference; fileEncoding = 4; lastKnownFileType = sourcecode.c.objc; path = SubtotalViewCell.m; sourceTree = "<group>"; };
		D31935861D497ABF001EEB11 /* TotalViewCell.xib */ = {isa = PBXFileReference; fileEncoding = 4; lastKnownFileType = file.xib; path = TotalViewCell.xib; sourceTree = "<group>"; };
		D31935881D497B6E001EEB11 /* TotalViewCell.h */ = {isa = PBXFileReference; fileEncoding = 4; lastKnownFileType = sourcecode.c.h; path = TotalViewCell.h; sourceTree = "<group>"; };
		D31935891D497B6E001EEB11 /* TotalViewCell.m */ = {isa = PBXFileReference; fileEncoding = 4; lastKnownFileType = sourcecode.c.objc; path = TotalViewCell.m; sourceTree = "<group>"; };
		D330DF1F1D4017AC001BC723 /* MyWallet.app */ = {isa = PBXFileReference; explicitFileType = wrapper.application; includeInIndex = 0; path = MyWallet.app; sourceTree = BUILT_PRODUCTS_DIR; };
		D330DF231D4017AC001BC723 /* main.m */ = {isa = PBXFileReference; lastKnownFileType = sourcecode.c.objc; path = main.m; sourceTree = "<group>"; };
		D330DF251D4017AC001BC723 /* AppDelegate.h */ = {isa = PBXFileReference; lastKnownFileType = sourcecode.c.h; path = AppDelegate.h; sourceTree = "<group>"; };
		D330DF261D4017AC001BC723 /* AppDelegate.m */ = {isa = PBXFileReference; lastKnownFileType = sourcecode.c.objc; path = AppDelegate.m; sourceTree = "<group>"; };
		D330DF2E1D4017AC001BC723 /* Assets.xcassets */ = {isa = PBXFileReference; lastKnownFileType = folder.assetcatalog; path = Assets.xcassets; sourceTree = "<group>"; };
		D330DF331D4017AC001BC723 /* Info.plist */ = {isa = PBXFileReference; lastKnownFileType = text.plist.xml; path = Info.plist; sourceTree = "<group>"; };
		D330DF381D4017AC001BC723 /* MyWalletTests.xctest */ = {isa = PBXFileReference; explicitFileType = wrapper.cfbundle; includeInIndex = 0; path = MyWalletTests.xctest; sourceTree = BUILT_PRODUCTS_DIR; };
		D330DF3E1D4017AC001BC723 /* Info.plist */ = {isa = PBXFileReference; lastKnownFileType = text.plist.xml; path = Info.plist; sourceTree = "<group>"; };
		D330DF471D4018A2001BC723 /* NSObject+GNUStepsAddons.m */ = {isa = PBXFileReference; fileEncoding = 4; lastKnownFileType = sourcecode.c.objc; path = "NSObject+GNUStepsAddons.m"; sourceTree = "<group>"; };
		D330DF481D4018A2001BC723 /* NSObject+GNUStepsAddons.h */ = {isa = PBXFileReference; fileEncoding = 4; lastKnownFileType = sourcecode.c.h; path = "NSObject+GNUStepsAddons.h"; sourceTree = "<group>"; };
		D330DF491D4018A2001BC723 /* Money.m */ = {isa = PBXFileReference; fileEncoding = 4; lastKnownFileType = sourcecode.c.objc; path = Money.m; sourceTree = "<group>"; };
		D330DF4A1D4018A2001BC723 /* Money.h */ = {isa = PBXFileReference; fileEncoding = 4; lastKnownFileType = sourcecode.c.h; path = Money.h; sourceTree = "<group>"; };
		D330DF551D4018E8001BC723 /* MoneyTests.m */ = {isa = PBXFileReference; fileEncoding = 4; lastKnownFileType = sourcecode.c.objc; path = MoneyTests.m; sourceTree = "<group>"; };
		D336A9DA1D48C17F0060B5AB /* NSNotificationCenterTests.m */ = {isa = PBXFileReference; fileEncoding = 4; lastKnownFileType = sourcecode.c.objc; path = NSNotificationCenterTests.m; sourceTree = "<group>"; };
		D336A9DC1D48C5020060B5AB /* FakeNSNotificationCenter.h */ = {isa = PBXFileReference; fileEncoding = 4; lastKnownFileType = sourcecode.c.h; path = FakeNSNotificationCenter.h; sourceTree = "<group>"; };
		D336A9DD1D48C5020060B5AB /* FakeNSNotificationCenter.m */ = {isa = PBXFileReference; fileEncoding = 4; lastKnownFileType = sourcecode.c.objc; path = FakeNSNotificationCenter.m; sourceTree = "<group>"; };
		D3393CA81D48111C0049DA6D /* SimpleViewController.h */ = {isa = PBXFileReference; fileEncoding = 4; lastKnownFileType = sourcecode.c.h; path = SimpleViewController.h; sourceTree = "<group>"; };
		D3393CA91D48111C0049DA6D /* SimpleViewController.m */ = {isa = PBXFileReference; fileEncoding = 4; lastKnownFileType = sourcecode.c.objc; path = SimpleViewController.m; sourceTree = "<group>"; };
		D3393CAA1D48111C0049DA6D /* SimpleViewController.xib */ = {isa = PBXFileReference; fileEncoding = 4; lastKnownFileType = file.xib; path = SimpleViewController.xib; sourceTree = "<group>"; };
		D3393CB01D48117C0049DA6D /* ControllerTests.m */ = {isa = PBXFileReference; fileEncoding = 4; lastKnownFileType = sourcecode.c.objc; path = ControllerTests.m; sourceTree = "<group>"; };
		D3393CB21D481C630049DA6D /* WalletTableViewController.h */ = {isa = PBXFileReference; fileEncoding = 4; lastKnownFileType = sourcecode.c.h; path = WalletTableViewController.h; sourceTree = "<group>"; };
		D3393CB31D481C630049DA6D /* WalletTableViewController.m */ = {isa = PBXFileReference; fileEncoding = 4; lastKnownFileType = sourcecode.c.objc; path = WalletTableViewController.m; sourceTree = "<group>"; };
		D39B568E1D46B282008329C4 /* BrokerTests.m */ = {isa = PBXFileReference; fileEncoding = 4; lastKnownFileType = sourcecode.c.objc; path = BrokerTests.m; sourceTree = "<group>"; };
		D39B56901D46B411008329C4 /* Broker.h */ = {isa = PBXFileReference; fileEncoding = 4; lastKnownFileType = sourcecode.c.h; path = Broker.h; sourceTree = "<group>"; };
		D39B56911D46B411008329C4 /* Broker.m */ = {isa = PBXFileReference; fileEncoding = 4; lastKnownFileType = sourcecode.c.objc; path = Broker.m; sourceTree = "<group>"; };
		D39B56941D46CCFE008329C4 /* WalletTests.m */ = {isa = PBXFileReference; fileEncoding = 4; lastKnownFileType = sourcecode.c.objc; path = WalletTests.m; sourceTree = "<group>"; };
		D39B56961D46D1CF008329C4 /* Wallet.h */ = {isa = PBXFileReference; fileEncoding = 4; lastKnownFileType = sourcecode.c.h; path = Wallet.h; sourceTree = "<group>"; };
		D39B56971D46D1CF008329C4 /* Wallet.m */ = {isa = PBXFileReference; fileEncoding = 4; lastKnownFileType = sourcecode.c.objc; path = Wallet.m; sourceTree = "<group>"; };
		D3DDD7561D48F37700B02E45 /* NetworkTests.m */ = {isa = PBXFileReference; fileEncoding = 4; lastKnownFileType = sourcecode.c.objc; path = NetworkTests.m; sourceTree = "<group>"; };
/* End PBXFileReference section */

/* Begin PBXFrameworksBuildPhase section */
		D330DF1C1D4017AC001BC723 /* Frameworks */ = {
			isa = PBXFrameworksBuildPhase;
			buildActionMask = 2147483647;
			files = (
			);
			runOnlyForDeploymentPostprocessing = 0;
		};
		D330DF351D4017AC001BC723 /* Frameworks */ = {
			isa = PBXFrameworksBuildPhase;
			buildActionMask = 2147483647;
			files = (
			);
			runOnlyForDeploymentPostprocessing = 0;
		};
/* End PBXFrameworksBuildPhase section */

/* Begin PBXGroup section */
		D31935801D496BC9001EEB11 /* Views */ = {
			isa = PBXGroup;
			children = (
				D31935811D496D11001EEB11 /* SubtotalViewCell.xib */,
				D31935831D4970ED001EEB11 /* SubtotalViewCell.h */,
				D31935841D4970ED001EEB11 /* SubtotalViewCell.m */,
				D31935861D497ABF001EEB11 /* TotalViewCell.xib */,
				D31935881D497B6E001EEB11 /* TotalViewCell.h */,
				D31935891D497B6E001EEB11 /* TotalViewCell.m */,
			);
			name = Views;
			sourceTree = "<group>";
		};
		D330DF161D4017AC001BC723 = {
			isa = PBXGroup;
			children = (
				D330DF211D4017AC001BC723 /* MyWallet */,
				D330DF3B1D4017AC001BC723 /* MyWalletTests */,
				D330DF201D4017AC001BC723 /* Products */,
			);
			sourceTree = "<group>";
		};
		D330DF201D4017AC001BC723 /* Products */ = {
			isa = PBXGroup;
			children = (
				D330DF1F1D4017AC001BC723 /* MyWallet.app */,
				D330DF381D4017AC001BC723 /* MyWalletTests.xctest */,
			);
			name = Products;
			sourceTree = "<group>";
		};
		D330DF211D4017AC001BC723 /* MyWallet */ = {
			isa = PBXGroup;
			children = (
				D31935801D496BC9001EEB11 /* Views */,
				D3393CA71D4810F60049DA6D /* Controllers */,
				D330DF541D4018C1001BC723 /* Categories */,
				D330DF531D4018AB001BC723 /* Models */,
				D330DF251D4017AC001BC723 /* AppDelegate.h */,
				D330DF261D4017AC001BC723 /* AppDelegate.m */,
				D330DF2E1D4017AC001BC723 /* Assets.xcassets */,
				D330DF331D4017AC001BC723 /* Info.plist */,
				D330DF221D4017AC001BC723 /* Supporting Files */,
			);
			path = MyWallet;
			sourceTree = "<group>";
		};
		D330DF221D4017AC001BC723 /* Supporting Files */ = {
			isa = PBXGroup;
			children = (
				D330DF231D4017AC001BC723 /* main.m */,
			);
			name = "Supporting Files";
			sourceTree = "<group>";
		};
		D330DF3B1D4017AC001BC723 /* MyWalletTests */ = {
			isa = PBXGroup;
			children = (
				D3DDD7551D48F35E00B02E45 /* Network */,
				D336A9D91D48C15C0060B5AB /* Singletons */,
				D3393CAF1D4811600049DA6D /* Controllers */,
				D330DF5B1D4018F8001BC723 /* Models */,
				D330DF3E1D4017AC001BC723 /* Info.plist */,
			);
			path = MyWalletTests;
			sourceTree = "<group>";
		};
		D330DF531D4018AB001BC723 /* Models */ = {
			isa = PBXGroup;
			children = (
				D330DF491D4018A2001BC723 /* Money.m */,
				D330DF4A1D4018A2001BC723 /* Money.h */,
				D39B56901D46B411008329C4 /* Broker.h */,
				D39B56911D46B411008329C4 /* Broker.m */,
				D39B56961D46D1CF008329C4 /* Wallet.h */,
				D39B56971D46D1CF008329C4 /* Wallet.m */,
			);
			name = Models;
			sourceTree = "<group>";
		};
		D330DF541D4018C1001BC723 /* Categories */ = {
			isa = PBXGroup;
			children = (
				D330DF471D4018A2001BC723 /* NSObject+GNUStepsAddons.m */,
				D330DF481D4018A2001BC723 /* NSObject+GNUStepsAddons.h */,
			);
			name = Categories;
			sourceTree = "<group>";
		};
		D330DF5B1D4018F8001BC723 /* Models */ = {
			isa = PBXGroup;
			children = (
				D330DF551D4018E8001BC723 /* MoneyTests.m */,
				D39B568E1D46B282008329C4 /* BrokerTests.m */,
				D39B56941D46CCFE008329C4 /* WalletTests.m */,
			);
			name = Models;
			sourceTree = "<group>";
		};
		D336A9D91D48C15C0060B5AB /* Singletons */ = {
			isa = PBXGroup;
			children = (
				D336A9DA1D48C17F0060B5AB /* NSNotificationCenterTests.m */,
				D336A9DC1D48C5020060B5AB /* FakeNSNotificationCenter.h */,
				D336A9DD1D48C5020060B5AB /* FakeNSNotificationCenter.m */,
			);
			name = Singletons;
			sourceTree = "<group>";
		};
		D3393CA71D4810F60049DA6D /* Controllers */ = {
			isa = PBXGroup;
			children = (
				D3393CA81D48111C0049DA6D /* SimpleViewController.h */,
				D3393CA91D48111C0049DA6D /* SimpleViewController.m */,
				D3393CAA1D48111C0049DA6D /* SimpleViewController.xib */,
				D3393CB21D481C630049DA6D /* WalletTableViewController.h */,
				D3393CB31D481C630049DA6D /* WalletTableViewController.m */,
			);
			name = Controllers;
			sourceTree = "<group>";
		};
		D3393CAF1D4811600049DA6D /* Controllers */ = {
			isa = PBXGroup;
			children = (
				D3393CB01D48117C0049DA6D /* ControllerTests.m */,
			);
			name = Controllers;
			sourceTree = "<group>";
		};
		D3DDD7551D48F35E00B02E45 /* Network */ = {
			isa = PBXGroup;
			children = (
				D3DDD7561D48F37700B02E45 /* NetworkTests.m */,
			);
			name = Network;
			sourceTree = "<group>";
		};
/* End PBXGroup section */

/* Begin PBXNativeTarget section */
		D330DF1E1D4017AC001BC723 /* MyWallet */ = {
			isa = PBXNativeTarget;
			buildConfigurationList = D330DF411D4017AC001BC723 /* Build configuration list for PBXNativeTarget "MyWallet" */;
			buildPhases = (
				D330DF1B1D4017AC001BC723 /* Sources */,
				D330DF1C1D4017AC001BC723 /* Frameworks */,
				D330DF1D1D4017AC001BC723 /* Resources */,
			);
			buildRules = (
			);
			dependencies = (
			);
			name = MyWallet;
			productName = MyWallet;
			productReference = D330DF1F1D4017AC001BC723 /* MyWallet.app */;
			productType = "com.apple.product-type.application";
		};
		D330DF371D4017AC001BC723 /* MyWalletTests */ = {
			isa = PBXNativeTarget;
			buildConfigurationList = D330DF441D4017AC001BC723 /* Build configuration list for PBXNativeTarget "MyWalletTests" */;
			buildPhases = (
				D330DF341D4017AC001BC723 /* Sources */,
				D330DF351D4017AC001BC723 /* Frameworks */,
				D330DF361D4017AC001BC723 /* Resources */,
			);
			buildRules = (
			);
			dependencies = (
				D330DF3A1D4017AC001BC723 /* PBXTargetDependency */,
			);
			name = MyWalletTests;
			productName = MyWalletTests;
			productReference = D330DF381D4017AC001BC723 /* MyWalletTests.xctest */;
			productType = "com.apple.product-type.bundle.unit-test";
		};
/* End PBXNativeTarget section */

/* Begin PBXProject section */
		D330DF171D4017AC001BC723 /* Project object */ = {
			isa = PBXProject;
			attributes = {
				LastUpgradeCheck = 0730;
				ORGANIZATIONNAME = "Alberto Marín García";
				TargetAttributes = {
					D330DF1E1D4017AC001BC723 = {
						CreatedOnToolsVersion = 7.3.1;
					};
					D330DF371D4017AC001BC723 = {
						CreatedOnToolsVersion = 7.3.1;
						TestTargetID = D330DF1E1D4017AC001BC723;
					};
				};
			};
			buildConfigurationList = D330DF1A1D4017AC001BC723 /* Build configuration list for PBXProject "MyWallet" */;
			compatibilityVersion = "Xcode 3.2";
			developmentRegion = English;
			hasScannedForEncodings = 0;
			knownRegions = (
				en,
				Base,
			);
			mainGroup = D330DF161D4017AC001BC723;
			productRefGroup = D330DF201D4017AC001BC723 /* Products */;
			projectDirPath = "";
			projectRoot = "";
			targets = (
				D330DF1E1D4017AC001BC723 /* MyWallet */,
				D330DF371D4017AC001BC723 /* MyWalletTests */,
			);
		};
/* End PBXProject section */

/* Begin PBXResourcesBuildPhase section */
		D330DF1D1D4017AC001BC723 /* Resources */ = {
			isa = PBXResourcesBuildPhase;
			buildActionMask = 2147483647;
			files = (
				D330DF2F1D4017AC001BC723 /* Assets.xcassets in Resources */,
				D3393CAD1D48111C0049DA6D /* SimpleViewController.xib in Resources */,
				D31935871D497ABF001EEB11 /* TotalViewCell.xib in Resources */,
				D31935821D496D11001EEB11 /* SubtotalViewCell.xib in Resources */,
			);
			runOnlyForDeploymentPostprocessing = 0;
		};
		D330DF361D4017AC001BC723 /* Resources */ = {
			isa = PBXResourcesBuildPhase;
			buildActionMask = 2147483647;
			files = (
				D3393CAE1D48111C0049DA6D /* SimpleViewController.xib in Resources */,
			);
			runOnlyForDeploymentPostprocessing = 0;
		};
/* End PBXResourcesBuildPhase section */

/* Begin PBXSourcesBuildPhase section */
		D330DF1B1D4017AC001BC723 /* Sources */ = {
			isa = PBXSourcesBuildPhase;
			buildActionMask = 2147483647;
			files = (
				D330DF4F1D4018A2001BC723 /* NSObject+GNUStepsAddons.m in Sources */,
				D39B56981D46D1CF008329C4 /* Wallet.m in Sources */,
				D330DF501D4018A2001BC723 /* Money.m in Sources */,
				D330DF271D4017AC001BC723 /* AppDelegate.m in Sources */,
				D3393CAB1D48111C0049DA6D /* SimpleViewController.m in Sources */,
				D319358A1D497B6E001EEB11 /* TotalViewCell.m in Sources */,
				D39B56921D46B411008329C4 /* Broker.m in Sources */,
				D3393CB41D481C630049DA6D /* WalletTableViewController.m in Sources */,
				D31935851D4970ED001EEB11 /* SubtotalViewCell.m in Sources */,
				D330DF241D4017AC001BC723 /* main.m in Sources */,
			);
			runOnlyForDeploymentPostprocessing = 0;
		};
		D330DF341D4017AC001BC723 /* Sources */ = {
			isa = PBXSourcesBuildPhase;
			buildActionMask = 2147483647;
			files = (
				D39B56931D46B411008329C4 /* Broker.m in Sources */,
				D39B56951D46CCFE008329C4 /* WalletTests.m in Sources */,
				D3DDD7571D48F37700B02E45 /* NetworkTests.m in Sources */,
				D336A9DE1D48C5020060B5AB /* FakeNSNotificationCenter.m in Sources */,
				D39B56991D46D1CF008329C4 /* Wallet.m in Sources */,
				D39B568F1D46B282008329C4 /* BrokerTests.m in Sources */,
				D3393CAC1D48111C0049DA6D /* SimpleViewController.m in Sources */,
				D3393CB51D481C630049DA6D /* WalletTableViewController.m in Sources */,
				D336A9DB1D48C17F0060B5AB /* NSNotificationCenterTests.m in Sources */,
				D330DF581D4018E8001BC723 /* MoneyTests.m in Sources */,
				D39B568B1D4509B7008329C4 /* Money.m in Sources */,
				D3393CB11D48117C0049DA6D /* ControllerTests.m in Sources */,
			);
			runOnlyForDeploymentPostprocessing = 0;
		};
/* End PBXSourcesBuildPhase section */

/* Begin PBXTargetDependency section */
		D330DF3A1D4017AC001BC723 /* PBXTargetDependency */ = {
			isa = PBXTargetDependency;
			target = D330DF1E1D4017AC001BC723 /* MyWallet */;
			targetProxy = D330DF391D4017AC001BC723 /* PBXContainerItemProxy */;
		};
/* End PBXTargetDependency section */

/* Begin XCBuildConfiguration section */
		D330DF3F1D4017AC001BC723 /* Debug */ = {
			isa = XCBuildConfiguration;
			buildSettings = {
				ALWAYS_SEARCH_USER_PATHS = NO;
				CLANG_ANALYZER_NONNULL = YES;
				CLANG_CXX_LANGUAGE_STANDARD = "gnu++0x";
				CLANG_CXX_LIBRARY = "libc++";
				CLANG_ENABLE_MODULES = YES;
				CLANG_ENABLE_OBJC_ARC = YES;
				CLANG_WARN_BOOL_CONVERSION = YES;
				CLANG_WARN_CONSTANT_CONVERSION = YES;
				CLANG_WARN_DIRECT_OBJC_ISA_USAGE = YES_ERROR;
				CLANG_WARN_EMPTY_BODY = YES;
				CLANG_WARN_ENUM_CONVERSION = YES;
				CLANG_WARN_INT_CONVERSION = YES;
				CLANG_WARN_OBJC_ROOT_CLASS = YES_ERROR;
				CLANG_WARN_UNREACHABLE_CODE = YES;
				CLANG_WARN__DUPLICATE_METHOD_MATCH = YES;
				"CODE_SIGN_IDENTITY[sdk=iphoneos*]" = "iPhone Developer";
				COPY_PHASE_STRIP = NO;
				DEBUG_INFORMATION_FORMAT = dwarf;
				ENABLE_STRICT_OBJC_MSGSEND = YES;
				ENABLE_TESTABILITY = YES;
				GCC_C_LANGUAGE_STANDARD = gnu99;
				GCC_DYNAMIC_NO_PIC = NO;
				GCC_NO_COMMON_BLOCKS = YES;
				GCC_OPTIMIZATION_LEVEL = 0;
				GCC_PREPROCESSOR_DEFINITIONS = (
					"DEBUG=1",
					"$(inherited)",
				);
				GCC_WARN_64_TO_32_BIT_CONVERSION = YES;
				GCC_WARN_ABOUT_RETURN_TYPE = YES_ERROR;
				GCC_WARN_UNDECLARED_SELECTOR = YES;
				GCC_WARN_UNINITIALIZED_AUTOS = YES_AGGRESSIVE;
				GCC_WARN_UNUSED_FUNCTION = YES;
				GCC_WARN_UNUSED_VARIABLE = YES;
				IPHONEOS_DEPLOYMENT_TARGET = 9.3;
				MTL_ENABLE_DEBUG_INFO = YES;
				ONLY_ACTIVE_ARCH = YES;
				SDKROOT = iphoneos;
			};
			name = Debug;
		};
		D330DF401D4017AC001BC723 /* Release */ = {
			isa = XCBuildConfiguration;
			buildSettings = {
				ALWAYS_SEARCH_USER_PATHS = NO;
				CLANG_ANALYZER_NONNULL = YES;
				CLANG_CXX_LANGUAGE_STANDARD = "gnu++0x";
				CLANG_CXX_LIBRARY = "libc++";
				CLANG_ENABLE_MODULES = YES;
				CLANG_ENABLE_OBJC_ARC = YES;
				CLANG_WARN_BOOL_CONVERSION = YES;
				CLANG_WARN_CONSTANT_CONVERSION = YES;
				CLANG_WARN_DIRECT_OBJC_ISA_USAGE = YES_ERROR;
				CLANG_WARN_EMPTY_BODY = YES;
				CLANG_WARN_ENUM_CONVERSION = YES;
				CLANG_WARN_INT_CONVERSION = YES;
				CLANG_WARN_OBJC_ROOT_CLASS = YES_ERROR;
				CLANG_WARN_UNREACHABLE_CODE = YES;
				CLANG_WARN__DUPLICATE_METHOD_MATCH = YES;
				"CODE_SIGN_IDENTITY[sdk=iphoneos*]" = "iPhone Developer";
				COPY_PHASE_STRIP = NO;
				DEBUG_INFORMATION_FORMAT = "dwarf-with-dsym";
				ENABLE_NS_ASSERTIONS = NO;
				ENABLE_STRICT_OBJC_MSGSEND = YES;
				GCC_C_LANGUAGE_STANDARD = gnu99;
				GCC_NO_COMMON_BLOCKS = YES;
				GCC_WARN_64_TO_32_BIT_CONVERSION = YES;
				GCC_WARN_ABOUT_RETURN_TYPE = YES_ERROR;
				GCC_WARN_UNDECLARED_SELECTOR = YES;
				GCC_WARN_UNINITIALIZED_AUTOS = YES_AGGRESSIVE;
				GCC_WARN_UNUSED_FUNCTION = YES;
				GCC_WARN_UNUSED_VARIABLE = YES;
				IPHONEOS_DEPLOYMENT_TARGET = 9.3;
				MTL_ENABLE_DEBUG_INFO = NO;
				SDKROOT = iphoneos;
				VALIDATE_PRODUCT = YES;
			};
			name = Release;
		};
		D330DF421D4017AC001BC723 /* Debug */ = {
			isa = XCBuildConfiguration;
			buildSettings = {
				ASSETCATALOG_COMPILER_APPICON_NAME = AppIcon;
				INFOPLIST_FILE = MyWallet/Info.plist;
				LD_RUNPATH_SEARCH_PATHS = "$(inherited) @executable_path/Frameworks";
				PRODUCT_BUNDLE_IDENTIFIER = com.amarin.MyWallet;
				PRODUCT_NAME = "$(TARGET_NAME)";
			};
			name = Debug;
		};
		D330DF431D4017AC001BC723 /* Release */ = {
			isa = XCBuildConfiguration;
			buildSettings = {
				ASSETCATALOG_COMPILER_APPICON_NAME = AppIcon;
				INFOPLIST_FILE = MyWallet/Info.plist;
				LD_RUNPATH_SEARCH_PATHS = "$(inherited) @executable_path/Frameworks";
				PRODUCT_BUNDLE_IDENTIFIER = com.amarin.MyWallet;
				PRODUCT_NAME = "$(TARGET_NAME)";
			};
			name = Release;
		};
		D330DF451D4017AC001BC723 /* Debug */ = {
			isa = XCBuildConfiguration;
			buildSettings = {
				BUNDLE_LOADER = "$(TEST_HOST)";
				INFOPLIST_FILE = MyWalletTests/Info.plist;
				LD_RUNPATH_SEARCH_PATHS = "$(inherited) @executable_path/Frameworks @loader_path/Frameworks";
				PRODUCT_BUNDLE_IDENTIFIER = com.amarin.MyWalletTests;
				PRODUCT_NAME = "$(TARGET_NAME)";
				TEST_HOST = "$(BUILT_PRODUCTS_DIR)/MyWallet.app/MyWallet";
			};
			name = Debug;
		};
		D330DF461D4017AC001BC723 /* Release */ = {
			isa = XCBuildConfiguration;
			buildSettings = {
				BUNDLE_LOADER = "$(TEST_HOST)";
				INFOPLIST_FILE = MyWalletTests/Info.plist;
				LD_RUNPATH_SEARCH_PATHS = "$(inherited) @executable_path/Frameworks @loader_path/Frameworks";
				PRODUCT_BUNDLE_IDENTIFIER = com.amarin.MyWalletTests;
				PRODUCT_NAME = "$(TARGET_NAME)";
				TEST_HOST = "$(BUILT_PRODUCTS_DIR)/MyWallet.app/MyWallet";
			};
			name = Release;
		};
/* End XCBuildConfiguration section */

/* Begin XCConfigurationList section */
		D330DF1A1D4017AC001BC723 /* Build configuration list for PBXProject "MyWallet" */ = {
			isa = XCConfigurationList;
			buildConfigurations = (
				D330DF3F1D4017AC001BC723 /* Debug */,
				D330DF401D4017AC001BC723 /* Release */,
			);
			defaultConfigurationIsVisible = 0;
			defaultConfigurationName = Release;
		};
		D330DF411D4017AC001BC723 /* Build configuration list for PBXNativeTarget "MyWallet" */ = {
			isa = XCConfigurationList;
			buildConfigurations = (
				D330DF421D4017AC001BC723 /* Debug */,
				D330DF431D4017AC001BC723 /* Release */,
			);
			defaultConfigurationIsVisible = 0;
			defaultConfigurationName = Release;
		};
		D330DF441D4017AC001BC723 /* Build configuration list for PBXNativeTarget "MyWalletTests" */ = {
			isa = XCConfigurationList;
			buildConfigurations = (
				D330DF451D4017AC001BC723 /* Debug */,
				D330DF461D4017AC001BC723 /* Release */,
			);
			defaultConfigurationIsVisible = 0;
			defaultConfigurationName = Release;
		};
/* End XCConfigurationList section */
	};
	rootObject = D330DF171D4017AC001BC723 /* Project object */;
}
